
Microsoft Visual Studio Solution File, Format Version 12.00
# Visual Studio Version 16
VisualStudioVersion = 16.0.34729.46
MinimumVisualStudioVersion = 10.0.40219.1
Project("{FAE04EC0-301F-11D3-BF4B-00C04F79EFBC}") = "Ven's File Converter V1.2", "Ven's File Converter V1.2\Ven's File Converter V1.2.csproj", "{B1269A6B-F77B-40DA-BA5B-C696D661DD60}"
EndProject
Global
	GlobalSection(SolutionConfigurationPlatforms) = preSolution
		Debug|Any CPU = Debug|Any CPU
		Release|Any CPU = Release|Any CPU
	EndGlobalSection
	GlobalSection(ProjectConfigurationPlatforms) = postSolution
		{B1269A6B-F77B-40DA-BA5B-C696D661DD60}.Debug|Any CPU.ActiveCfg = Debug|Any CPU
		{B1269A6B-F77B-40DA-BA5B-C696D661DD60}.Debug|Any CPU.Build.0 = Debug|Any CPU
		{B1269A6B-F77B-40DA-BA5B-C696D661DD60}.Release|Any CPU.ActiveCfg = Release|Any CPU
		{B1269A6B-F77B-40DA-BA5B-C696D661DD60}.Release|Any CPU.Build.0 = Release|Any CPU
	EndGlobalSection
	GlobalSection(SolutionProperties) = preSolution
		HideSolutionNode = FALSE
	EndGlobalSection
	GlobalSection(ExtensibilityGlobals) = postSolution
		SolutionGuid = {49CFEF14-27EB-4CCA-B183-DB661FFACA3A}
	EndGlobalSection
EndGlobal
